
Microsoft Visual Studio Solution File, Format Version 12.00
# Visual Studio 14
VisualStudioVersion = 14.0.25420.1
MinimumVisualStudioVersion = 10.0.40219.1
Project("{FAE04EC0-301F-11D3-BF4B-00C04F79EFBC}") = "TencentAImis", "TencentAImis\TencentAImis.csproj", "{EED8EC1F-8649-4DB3-8002-7A642B513595}"
EndProject
Project("{FAE04EC0-301F-11D3-BF4B-00C04F79EFBC}") = "BLL", "BLL\BLL.csproj", "{DB5EAB49-BDE3-4102-AB44-25CFE4532F0A}"
EndProject
Project("{FAE04EC0-301F-11D3-BF4B-00C04F79EFBC}") = "DbWebServer", "DbWebServer\DbWebServer.csproj", "{4FD8AF2E-8C65-4CF6-8FD8-34E2321B8F75}"
EndProject
Project("{FAE04EC0-301F-11D3-BF4B-00C04F79EFBC}") = "TAIFrontWebStation", "TAIFrontWebStation\TAIFrontWebStation.csproj", "{098D4025-EE7B-4CF0-94A6-C8825849D7CA}"
EndProject
Global
	GlobalSection(SolutionConfigurationPlatforms) = preSolution
		Debug|Any CPU = Debug|Any CPU
		Release|Any CPU = Release|Any CPU
	EndGlobalSection
	GlobalSection(ProjectConfigurationPlatforms) = postSolution
		{EED8EC1F-8649-4DB3-8002-7A642B513595}.Debug|Any CPU.ActiveCfg = Debug|Any CPU
		{EED8EC1F-8649-4DB3-8002-7A642B513595}.Debug|Any CPU.Build.0 = Debug|Any CPU
		{EED8EC1F-8649-4DB3-8002-7A642B513595}.Release|Any CPU.ActiveCfg = Release|Any CPU
		{EED8EC1F-8649-4DB3-8002-7A642B513595}.Release|Any CPU.Build.0 = Release|Any CPU
		{DB5EAB49-BDE3-4102-AB44-25CFE4532F0A}.Debug|Any CPU.ActiveCfg = Debug|Any CPU
		{DB5EAB49-BDE3-4102-AB44-25CFE4532F0A}.Debug|Any CPU.Build.0 = Debug|Any CPU
		{DB5EAB49-BDE3-4102-AB44-25CFE4532F0A}.Release|Any CPU.ActiveCfg = Release|Any CPU
		{DB5EAB49-BDE3-4102-AB44-25CFE4532F0A}.Release|Any CPU.Build.0 = Release|Any CPU
		{4FD8AF2E-8C65-4CF6-8FD8-34E2321B8F75}.Debug|Any CPU.ActiveCfg = Debug|Any CPU
		{4FD8AF2E-8C65-4CF6-8FD8-34E2321B8F75}.Debug|Any CPU.Build.0 = Debug|Any CPU
		{4FD8AF2E-8C65-4CF6-8FD8-34E2321B8F75}.Release|Any CPU.ActiveCfg = Release|Any CPU
		{4FD8AF2E-8C65-4CF6-8FD8-34E2321B8F75}.Release|Any CPU.Build.0 = Release|Any CPU
		{098D4025-EE7B-4CF0-94A6-C8825849D7CA}.Debug|Any CPU.ActiveCfg = Debug|Any CPU
		{098D4025-EE7B-4CF0-94A6-C8825849D7CA}.Debug|Any CPU.Build.0 = Debug|Any CPU
		{098D4025-EE7B-4CF0-94A6-C8825849D7CA}.Release|Any CPU.ActiveCfg = Release|Any CPU
		{098D4025-EE7B-4CF0-94A6-C8825849D7CA}.Release|Any CPU.Build.0 = Release|Any CPU
	EndGlobalSection
	GlobalSection(SolutionProperties) = preSolution
		HideSolutionNode = FALSE
	EndGlobalSection
EndGlobal
